// !$*UTF8*$!
{
	archiveVersion = 1;
	classes = {
	};
	objectVersion = 56;
	objects = {

/* Begin PBXBuildFile section */
		0EBF80552A83F17E00FA7D0E /* AppDelegate.swift in Sources */ = {isa = PBXBuildFile; fileRef = 0EBF80542A83F17E00FA7D0E /* AppDelegate.swift */; };
		0EBF80572A83F17E00FA7D0E /* SceneDelegate.swift in Sources */ = {isa = PBXBuildFile; fileRef = 0EBF80562A83F17E00FA7D0E /* SceneDelegate.swift */; };
		0EBF80592A83F17E00FA7D0E /* ViewController.swift in Sources */ = {isa = PBXBuildFile; fileRef = 0EBF80582A83F17E00FA7D0E /* ViewController.swift */; };
		0EBF805C2A83F17E00FA7D0E /* Main.storyboard in Resources */ = {isa = PBXBuildFile; fileRef = 0EBF805A2A83F17E00FA7D0E /* Main.storyboard */; };
		0EBF805E2A83F17F00FA7D0E /* Assets.xcassets in Resources */ = {isa = PBXBuildFile; fileRef = 0EBF805D2A83F17F00FA7D0E /* Assets.xcassets */; };
		0EBF80612A83F17F00FA7D0E /* LaunchScreen.storyboard in Resources */ = {isa = PBXBuildFile; fileRef = 0EBF805F2A83F17F00FA7D0E /* LaunchScreen.storyboard */; };
		0EBF806C2A83F18000FA7D0E /* DeepLinkingPoCTests.swift in Sources */ = {isa = PBXBuildFile; fileRef = 0EBF806B2A83F18000FA7D0E /* DeepLinkingPoCTests.swift */; };
		0EBF80762A83F18000FA7D0E /* DeepLinkingPoCUITests.swift in Sources */ = {isa = PBXBuildFile; fileRef = 0EBF80752A83F18000FA7D0E /* DeepLinkingPoCUITests.swift */; };
		0EBF80782A83F18000FA7D0E /* DeepLinkingPoCUITestsLaunchTests.swift in Sources */ = {isa = PBXBuildFile; fileRef = 0EBF80772A83F18000FA7D0E /* DeepLinkingPoCUITestsLaunchTests.swift */; };
		0EBF80882A83F1BF00FA7D0E /* DeepLinkingAppDelegate in Frameworks */ = {isa = PBXBuildFile; productRef = 0EBF80872A83F1BF00FA7D0E /* DeepLinkingAppDelegate */; };
/* End PBXBuildFile section */

/* Begin PBXContainerItemProxy section */
		0EBF80682A83F18000FA7D0E /* PBXContainerItemProxy */ = {
			isa = PBXContainerItemProxy;
			containerPortal = 0EBF80492A83F17E00FA7D0E /* Project object */;
			proxyType = 1;
			remoteGlobalIDString = 0EBF80502A83F17E00FA7D0E;
			remoteInfo = DeepLinkingPoC;
		};
		0EBF80722A83F18000FA7D0E /* PBXContainerItemProxy */ = {
			isa = PBXContainerItemProxy;
			containerPortal = 0EBF80492A83F17E00FA7D0E /* Project object */;
			proxyType = 1;
			remoteGlobalIDString = 0EBF80502A83F17E00FA7D0E;
			remoteInfo = DeepLinkingPoC;
		};
/* End PBXContainerItemProxy section */

/* Begin PBXFileReference section */
		0EBF80512A83F17E00FA7D0E /* DeepLinkingPoC.app */ = {isa = PBXFileReference; explicitFileType = wrapper.application; includeInIndex = 0; path = DeepLinkingPoC.app; sourceTree = BUILT_PRODUCTS_DIR; };
		0EBF80542A83F17E00FA7D0E /* AppDelegate.swift */ = {isa = PBXFileReference; lastKnownFileType = sourcecode.swift; path = AppDelegate.swift; sourceTree = "<group>"; };
		0EBF80562A83F17E00FA7D0E /* SceneDelegate.swift */ = {isa = PBXFileReference; lastKnownFileType = sourcecode.swift; path = SceneDelegate.swift; sourceTree = "<group>"; };
		0EBF80582A83F17E00FA7D0E /* ViewController.swift */ = {isa = PBXFileReference; lastKnownFileType = sourcecode.swift; path = ViewController.swift; sourceTree = "<group>"; };
		0EBF805B2A83F17E00FA7D0E /* Base */ = {isa = PBXFileReference; lastKnownFileType = file.storyboard; name = Base; path = Base.lproj/Main.storyboard; sourceTree = "<group>"; };
		0EBF805D2A83F17F00FA7D0E /* Assets.xcassets */ = {isa = PBXFileReference; lastKnownFileType = folder.assetcatalog; path = Assets.xcassets; sourceTree = "<group>"; };
		0EBF80602A83F17F00FA7D0E /* Base */ = {isa = PBXFileReference; lastKnownFileType = file.storyboard; name = Base; path = Base.lproj/LaunchScreen.storyboard; sourceTree = "<group>"; };
		0EBF80622A83F17F00FA7D0E /* Info.plist */ = {isa = PBXFileReference; lastKnownFileType = text.plist.xml; path = Info.plist; sourceTree = "<group>"; };
		0EBF80672A83F18000FA7D0E /* DeepLinkingPoCTests.xctest */ = {isa = PBXFileReference; explicitFileType = wrapper.cfbundle; includeInIndex = 0; path = DeepLinkingPoCTests.xctest; sourceTree = BUILT_PRODUCTS_DIR; };
		0EBF806B2A83F18000FA7D0E /* DeepLinkingPoCTests.swift */ = {isa = PBXFileReference; lastKnownFileType = sourcecode.swift; path = DeepLinkingPoCTests.swift; sourceTree = "<group>"; };
		0EBF80712A83F18000FA7D0E /* DeepLinkingPoCUITests.xctest */ = {isa = PBXFileReference; explicitFileType = wrapper.cfbundle; includeInIndex = 0; path = DeepLinkingPoCUITests.xctest; sourceTree = BUILT_PRODUCTS_DIR; };
		0EBF80752A83F18000FA7D0E /* DeepLinkingPoCUITests.swift */ = {isa = PBXFileReference; lastKnownFileType = sourcecode.swift; path = DeepLinkingPoCUITests.swift; sourceTree = "<group>"; };
		0EBF80772A83F18000FA7D0E /* DeepLinkingPoCUITestsLaunchTests.swift */ = {isa = PBXFileReference; lastKnownFileType = sourcecode.swift; path = DeepLinkingPoCUITestsLaunchTests.swift; sourceTree = "<group>"; };
		0EBF80852A83F1B400FA7D0E /* DeepLinkingLibraryPoC */ = {isa = PBXFileReference; lastKnownFileType = wrapper; name = DeepLinkingLibraryPoC; path = ../DeepLinkingLibraryPoC; sourceTree = "<group>"; };
/* End PBXFileReference section */

/* Begin PBXFrameworksBuildPhase section */
		0EBF804E2A83F17E00FA7D0E /* Frameworks */ = {
			isa = PBXFrameworksBuildPhase;
			buildActionMask = 2147483647;
			files = (
				0EBF80882A83F1BF00FA7D0E /* DeepLinkingAppDelegate in Frameworks */,
			);
			runOnlyForDeploymentPostprocessing = 0;
		};
		0EBF80642A83F18000FA7D0E /* Frameworks */ = {
			isa = PBXFrameworksBuildPhase;
			buildActionMask = 2147483647;
			files = (
			);
			runOnlyForDeploymentPostprocessing = 0;
		};
		0EBF806E2A83F18000FA7D0E /* Frameworks */ = {
			isa = PBXFrameworksBuildPhase;
			buildActionMask = 2147483647;
			files = (
			);
			runOnlyForDeploymentPostprocessing = 0;
		};
/* End PBXFrameworksBuildPhase section */

/* Begin PBXGroup section */
		0EBF80482A83F17E00FA7D0E = {
			isa = PBXGroup;
			children = (
				0EBF80842A83F1B400FA7D0E /* Packages */,
				0EBF80532A83F17E00FA7D0E /* DeepLinkingPoC */,
				0EBF806A2A83F18000FA7D0E /* DeepLinkingPoCTests */,
				0EBF80742A83F18000FA7D0E /* DeepLinkingPoCUITests */,
				0EBF80522A83F17E00FA7D0E /* Products */,
				0EBF80862A83F1BF00FA7D0E /* Frameworks */,
			);
			sourceTree = "<group>";
		};
		0EBF80522A83F17E00FA7D0E /* Products */ = {
			isa = PBXGroup;
			children = (
				0EBF80512A83F17E00FA7D0E /* DeepLinkingPoC.app */,
				0EBF80672A83F18000FA7D0E /* DeepLinkingPoCTests.xctest */,
				0EBF80712A83F18000FA7D0E /* DeepLinkingPoCUITests.xctest */,
			);
			name = Products;
			sourceTree = "<group>";
		};
		0EBF80532A83F17E00FA7D0E /* DeepLinkingPoC */ = {
			isa = PBXGroup;
			children = (
				0EBF80542A83F17E00FA7D0E /* AppDelegate.swift */,
				0EBF80562A83F17E00FA7D0E /* SceneDelegate.swift */,
				0EBF80582A83F17E00FA7D0E /* ViewController.swift */,
				0EBF805A2A83F17E00FA7D0E /* Main.storyboard */,
				0EBF805D2A83F17F00FA7D0E /* Assets.xcassets */,
				0EBF805F2A83F17F00FA7D0E /* LaunchScreen.storyboard */,
				0EBF80622A83F17F00FA7D0E /* Info.plist */,
			);
			path = DeepLinkingPoC;
			sourceTree = "<group>";
		};
		0EBF806A2A83F18000FA7D0E /* DeepLinkingPoCTests */ = {
			isa = PBXGroup;
			children = (
				0EBF806B2A83F18000FA7D0E /* DeepLinkingPoCTests.swift */,
			);
			path = DeepLinkingPoCTests;
			sourceTree = "<group>";
		};
		0EBF80742A83F18000FA7D0E /* DeepLinkingPoCUITests */ = {
			isa = PBXGroup;
			children = (
				0EBF80752A83F18000FA7D0E /* DeepLinkingPoCUITests.swift */,
				0EBF80772A83F18000FA7D0E /* DeepLinkingPoCUITestsLaunchTests.swift */,
			);
			path = DeepLinkingPoCUITests;
			sourceTree = "<group>";
		};
		0EBF80842A83F1B400FA7D0E /* Packages */ = {
			isa = PBXGroup;
			children = (
				0EBF80852A83F1B400FA7D0E /* DeepLinkingLibraryPoC */,
			);
			name = Packages;
			sourceTree = "<group>";
		};
		0EBF80862A83F1BF00FA7D0E /* Frameworks */ = {
			isa = PBXGroup;
			children = (
			);
			name = Frameworks;
			sourceTree = "<group>";
		};
/* End PBXGroup section */

/* Begin PBXNativeTarget section */
		0EBF80502A83F17E00FA7D0E /* DeepLinkingPoC */ = {
			isa = PBXNativeTarget;
			buildConfigurationList = 0EBF807B2A83F18000FA7D0E /* Build configuration list for PBXNativeTarget "DeepLinkingPoC" */;
			buildPhases = (
				0EBF804D2A83F17E00FA7D0E /* Sources */,
				0EBF804E2A83F17E00FA7D0E /* Frameworks */,
				0EBF804F2A83F17E00FA7D0E /* Resources */,
			);
			buildRules = (
			);
			dependencies = (
			);
			name = DeepLinkingPoC;
			packageProductDependencies = (
				0EBF80872A83F1BF00FA7D0E /* DeepLinkingAppDelegate */,
			);
			productName = DeepLinkingPoC;
			productReference = 0EBF80512A83F17E00FA7D0E /* DeepLinkingPoC.app */;
			productType = "com.apple.product-type.application";
		};
		0EBF80662A83F18000FA7D0E /* DeepLinkingPoCTests */ = {
			isa = PBXNativeTarget;
			buildConfigurationList = 0EBF807E2A83F18000FA7D0E /* Build configuration list for PBXNativeTarget "DeepLinkingPoCTests" */;
			buildPhases = (
				0EBF80632A83F18000FA7D0E /* Sources */,
				0EBF80642A83F18000FA7D0E /* Frameworks */,
				0EBF80652A83F18000FA7D0E /* Resources */,
			);
			buildRules = (
			);
			dependencies = (
				0EBF80692A83F18000FA7D0E /* PBXTargetDependency */,
			);
			name = DeepLinkingPoCTests;
			productName = DeepLinkingPoCTests;
			productReference = 0EBF80672A83F18000FA7D0E /* DeepLinkingPoCTests.xctest */;
			productType = "com.apple.product-type.bundle.unit-test";
		};
		0EBF80702A83F18000FA7D0E /* DeepLinkingPoCUITests */ = {
			isa = PBXNativeTarget;
			buildConfigurationList = 0EBF80812A83F18000FA7D0E /* Build configuration list for PBXNativeTarget "DeepLinkingPoCUITests" */;
			buildPhases = (
				0EBF806D2A83F18000FA7D0E /* Sources */,
				0EBF806E2A83F18000FA7D0E /* Frameworks */,
				0EBF806F2A83F18000FA7D0E /* Resources */,
			);
			buildRules = (
			);
			dependencies = (
				0EBF80732A83F18000FA7D0E /* PBXTargetDependency */,
			);
			name = DeepLinkingPoCUITests;
			productName = DeepLinkingPoCUITests;
			productReference = 0EBF80712A83F18000FA7D0E /* DeepLinkingPoCUITests.xctest */;
			productType = "com.apple.product-type.bundle.ui-testing";
		};
/* End PBXNativeTarget section */

/* Begin PBXProject section */
		0EBF80492A83F17E00FA7D0E /* Project object */ = {
			isa = PBXProject;
			attributes = {
				BuildIndependentTargetsInParallel = 1;
				LastSwiftUpdateCheck = 1430;
				LastUpgradeCheck = 1430;
				TargetAttributes = {
					0EBF80502A83F17E00FA7D0E = {
						CreatedOnToolsVersion = 14.3.1;
					};
					0EBF80662A83F18000FA7D0E = {
						CreatedOnToolsVersion = 14.3.1;
						TestTargetID = 0EBF80502A83F17E00FA7D0E;
					};
					0EBF80702A83F18000FA7D0E = {
						CreatedOnToolsVersion = 14.3.1;
						TestTargetID = 0EBF80502A83F17E00FA7D0E;
					};
				};
			};
			buildConfigurationList = 0EBF804C2A83F17E00FA7D0E /* Build configuration list for PBXProject "DeepLinkingPoC" */;
			compatibilityVersion = "Xcode 14.0";
			developmentRegion = en;
			hasScannedForEncodings = 0;
			knownRegions = (
				en,
				Base,
			);
			mainGroup = 0EBF80482A83F17E00FA7D0E;
			productRefGroup = 0EBF80522A83F17E00FA7D0E /* Products */;
			projectDirPath = "";
			projectRoot = "";
			targets = (
				0EBF80502A83F17E00FA7D0E /* DeepLinkingPoC */,
				0EBF80662A83F18000FA7D0E /* DeepLinkingPoCTests */,
				0EBF80702A83F18000FA7D0E /* DeepLinkingPoCUITests */,
			);
		};
/* End PBXProject section */

/* Begin PBXResourcesBuildPhase section */
		0EBF804F2A83F17E00FA7D0E /* Resources */ = {
			isa = PBXResourcesBuildPhase;
			buildActionMask = 2147483647;
			files = (
				0EBF80612A83F17F00FA7D0E /* LaunchScreen.storyboard in Resources */,
				0EBF805E2A83F17F00FA7D0E /* Assets.xcassets in Resources */,
				0EBF805C2A83F17E00FA7D0E /* Main.storyboard in Resources */,
			);
			runOnlyForDeploymentPostprocessing = 0;
		};
		0EBF80652A83F18000FA7D0E /* Resources */ = {
			isa = PBXResourcesBuildPhase;
			buildActionMask = 2147483647;
			files = (
			);
			runOnlyForDeploymentPostprocessing = 0;
		};
		0EBF806F2A83F18000FA7D0E /* Resources */ = {
			isa = PBXResourcesBuildPhase;
			buildActionMask = 2147483647;
			files = (
			);
			runOnlyForDeploymentPostprocessing = 0;
		};
/* End PBXResourcesBuildPhase section */

/* Begin PBXSourcesBuildPhase section */
		0EBF804D2A83F17E00FA7D0E /* Sources */ = {
			isa = PBXSourcesBuildPhase;
			buildActionMask = 2147483647;
			files = (
				0EBF80592A83F17E00FA7D0E /* ViewController.swift in Sources */,
				0EBF80552A83F17E00FA7D0E /* AppDelegate.swift in Sources */,
				0EBF80572A83F17E00FA7D0E /* SceneDelegate.swift in Sources */,
			);
			runOnlyForDeploymentPostprocessing = 0;
		};
		0EBF80632A83F18000FA7D0E /* Sources */ = {
			isa = PBXSourcesBuildPhase;
			buildActionMask = 2147483647;
			files = (
				0EBF806C2A83F18000FA7D0E /* DeepLinkingPoCTests.swift in Sources */,
			);
			runOnlyForDeploymentPostprocessing = 0;
		};
		0EBF806D2A83F18000FA7D0E /* Sources */ = {
			isa = PBXSourcesBuildPhase;
			buildActionMask = 2147483647;
			files = (
				0EBF80782A83F18000FA7D0E /* DeepLinkingPoCUITestsLaunchTests.swift in Sources */,
				0EBF80762A83F18000FA7D0E /* DeepLinkingPoCUITests.swift in Sources */,
			);
			runOnlyForDeploymentPostprocessing = 0;
		};
/* End PBXSourcesBuildPhase section */

/* Begin PBXTargetDependency section */
		0EBF80692A83F18000FA7D0E /* PBXTargetDependency */ = {
			isa = PBXTargetDependency;
			target = 0EBF80502A83F17E00FA7D0E /* DeepLinkingPoC */;
			targetProxy = 0EBF80682A83F18000FA7D0E /* PBXContainerItemProxy */;
		};
		0EBF80732A83F18000FA7D0E /* PBXTargetDependency */ = {
			isa = PBXTargetDependency;
			target = 0EBF80502A83F17E00FA7D0E /* DeepLinkingPoC */;
			targetProxy = 0EBF80722A83F18000FA7D0E /* PBXContainerItemProxy */;
		};
/* End PBXTargetDependency section */

/* Begin PBXVariantGroup section */
		0EBF805A2A83F17E00FA7D0E /* Main.storyboard */ = {
			isa = PBXVariantGroup;
			children = (
				0EBF805B2A83F17E00FA7D0E /* Base */,
			);
			name = Main.storyboard;
			sourceTree = "<group>";
		};
		0EBF805F2A83F17F00FA7D0E /* LaunchScreen.storyboard */ = {
			isa = PBXVariantGroup;
			children = (
				0EBF80602A83F17F00FA7D0E /* Base */,
			);
			name = LaunchScreen.storyboard;
			sourceTree = "<group>";
		};
/* End PBXVariantGroup section */

/* Begin XCBuildConfiguration section */
		0EBF80792A83F18000FA7D0E /* Debug */ = {
			isa = XCBuildConfiguration;
			buildSettings = {
				ALWAYS_SEARCH_USER_PATHS = NO;
				CLANG_ANALYZER_NONNULL = YES;
				CLANG_ANALYZER_NUMBER_OBJECT_CONVERSION = YES_AGGRESSIVE;
				CLANG_CXX_LANGUAGE_STANDARD = "gnu++20";
				CLANG_ENABLE_MODULES = YES;
				CLANG_ENABLE_OBJC_ARC = YES;
				CLANG_ENABLE_OBJC_WEAK = YES;
				CLANG_WARN_BLOCK_CAPTURE_AUTORELEASING = YES;
				CLANG_WARN_BOOL_CONVERSION = YES;
				CLANG_WARN_COMMA = YES;
				CLANG_WARN_CONSTANT_CONVERSION = YES;
				CLANG_WARN_DEPRECATED_OBJC_IMPLEMENTATIONS = YES;
				CLANG_WARN_DIRECT_OBJC_ISA_USAGE = YES_ERROR;
				CLANG_WARN_DOCUMENTATION_COMMENTS = YES;
				CLANG_WARN_EMPTY_BODY = YES;
				CLANG_WARN_ENUM_CONVERSION = YES;
				CLANG_WARN_INFINITE_RECURSION = YES;
				CLANG_WARN_INT_CONVERSION = YES;
				CLANG_WARN_NON_LITERAL_NULL_CONVERSION = YES;
				CLANG_WARN_OBJC_IMPLICIT_RETAIN_SELF = YES;
				CLANG_WARN_OBJC_LITERAL_CONVERSION = YES;
				CLANG_WARN_OBJC_ROOT_CLASS = YES_ERROR;
				CLANG_WARN_QUOTED_INCLUDE_IN_FRAMEWORK_HEADER = YES;
				CLANG_WARN_RANGE_LOOP_ANALYSIS = YES;
				CLANG_WARN_STRICT_PROTOTYPES = YES;
				CLANG_WARN_SUSPICIOUS_MOVE = YES;
				CLANG_WARN_UNGUARDED_AVAILABILITY = YES_AGGRESSIVE;
				CLANG_WARN_UNREACHABLE_CODE = YES;
				CLANG_WARN__DUPLICATE_METHOD_MATCH = YES;
				COPY_PHASE_STRIP = NO;
				DEBUG_INFORMATION_FORMAT = dwarf;
				ENABLE_STRICT_OBJC_MSGSEND = YES;
				ENABLE_TESTABILITY = YES;
				GCC_C_LANGUAGE_STANDARD = gnu11;
				GCC_DYNAMIC_NO_PIC = NO;
				GCC_NO_COMMON_BLOCKS = YES;
				GCC_OPTIMIZATION_LEVEL = 0;
				GCC_PREPROCESSOR_DEFINITIONS = (
					"DEBUG=1",
					"$(inherited)",
				);
				GCC_WARN_64_TO_32_BIT_CONVERSION = YES;
				GCC_WARN_ABOUT_RETURN_TYPE = YES_ERROR;
				GCC_WARN_UNDECLARED_SELECTOR = YES;
				GCC_WARN_UNINITIALIZED_AUTOS = YES_AGGRESSIVE;
				GCC_WARN_UNUSED_FUNCTION = YES;
				GCC_WARN_UNUSED_VARIABLE = YES;
				IPHONEOS_DEPLOYMENT_TARGET = 16.4;
				MTL_ENABLE_DEBUG_INFO = INCLUDE_SOURCE;
				MTL_FAST_MATH = YES;
				ONLY_ACTIVE_ARCH = YES;
				SDKROOT = iphoneos;
				SWIFT_ACTIVE_COMPILATION_CONDITIONS = DEBUG;
				SWIFT_OPTIMIZATION_LEVEL = "-Onone";
			};
			name = Debug;
		};
		0EBF807A2A83F18000FA7D0E /* Release */ = {
			isa = XCBuildConfiguration;
			buildSettings = {
				ALWAYS_SEARCH_USER_PATHS = NO;
				CLANG_ANALYZER_NONNULL = YES;
				CLANG_ANALYZER_NUMBER_OBJECT_CONVERSION = YES_AGGRESSIVE;
				CLANG_CXX_LANGUAGE_STANDARD = "gnu++20";
				CLANG_ENABLE_MODULES = YES;
				CLANG_ENABLE_OBJC_ARC = YES;
				CLANG_ENABLE_OBJC_WEAK = YES;
				CLANG_WARN_BLOCK_CAPTURE_AUTORELEASING = YES;
				CLANG_WARN_BOOL_CONVERSION = YES;
				CLANG_WARN_COMMA = YES;
				CLANG_WARN_CONSTANT_CONVERSION = YES;
				CLANG_WARN_DEPRECATED_OBJC_IMPLEMENTATIONS = YES;
				CLANG_WARN_DIRECT_OBJC_ISA_USAGE = YES_ERROR;
				CLANG_WARN_DOCUMENTATION_COMMENTS = YES;
				CLANG_WARN_EMPTY_BODY = YES;
				CLANG_WARN_ENUM_CONVERSION = YES;
				CLANG_WARN_INFINITE_RECURSION = YES;
				CLANG_WARN_INT_CONVERSION = YES;
				CLANG_WARN_NON_LITERAL_NULL_CONVERSION = YES;
				CLANG_WARN_OBJC_IMPLICIT_RETAIN_SELF = YES;
				CLANG_WARN_OBJC_LITERAL_CONVERSION = YES;
				CLANG_WARN_OBJC_ROOT_CLASS = YES_ERROR;
				CLANG_WARN_QUOTED_INCLUDE_IN_FRAMEWORK_HEADER = YES;
				CLANG_WARN_RANGE_LOOP_ANALYSIS = YES;
				CLANG_WARN_STRICT_PROTOTYPES = YES;
				CLANG_WARN_SUSPICIOUS_MOVE = YES;
				CLANG_WARN_UNGUARDED_AVAILABILITY = YES_AGGRESSIVE;
				CLANG_WARN_UNREACHABLE_CODE = YES;
				CLANG_WARN__DUPLICATE_METHOD_MATCH = YES;
				COPY_PHASE_STRIP = NO;
				DEBUG_INFORMATION_FORMAT = "dwarf-with-dsym";
				ENABLE_NS_ASSERTIONS = NO;
				ENABLE_STRICT_OBJC_MSGSEND = YES;
				GCC_C_LANGUAGE_STANDARD = gnu11;
				GCC_NO_COMMON_BLOCKS = YES;
				GCC_WARN_64_TO_32_BIT_CONVERSION = YES;
				GCC_WARN_ABOUT_RETURN_TYPE = YES_ERROR;
				GCC_WARN_UNDECLARED_SELECTOR = YES;
				GCC_WARN_UNINITIALIZED_AUTOS = YES_AGGRESSIVE;
				GCC_WARN_UNUSED_FUNCTION = YES;
				GCC_WARN_UNUSED_VARIABLE = YES;
				IPHONEOS_DEPLOYMENT_TARGET = 16.4;
				MTL_ENABLE_DEBUG_INFO = NO;
				MTL_FAST_MATH = YES;
				SDKROOT = iphoneos;
				SWIFT_COMPILATION_MODE = wholemodule;
				SWIFT_OPTIMIZATION_LEVEL = "-O";
				VALIDATE_PRODUCT = YES;
			};
			name = Release;
		};
		0EBF807C2A83F18000FA7D0E /* Debug */ = {
			isa = XCBuildConfiguration;
			buildSettings = {
				ASSETCATALOG_COMPILER_APPICON_NAME = AppIcon;
				ASSETCATALOG_COMPILER_GLOBAL_ACCENT_COLOR_NAME = AccentColor;
				CODE_SIGN_STYLE = Automatic;
				CURRENT_PROJECT_VERSION = 1;
				DEVELOPMENT_TEAM = F6N6BU583P;
				GENERATE_INFOPLIST_FILE = YES;
				INFOPLIST_FILE = DeepLinkingPoC/Info.plist;
				INFOPLIST_KEY_UIApplicationSupportsIndirectInputEvents = YES;
				INFOPLIST_KEY_UILaunchStoryboardName = LaunchScreen;
				INFOPLIST_KEY_UIMainStoryboardFile = Main;
				INFOPLIST_KEY_UISupportedInterfaceOrientations_iPad = "UIInterfaceOrientationPortrait UIInterfaceOrientationPortraitUpsideDown UIInterfaceOrientationLandscapeLeft UIInterfaceOrientationLandscapeRight";
				INFOPLIST_KEY_UISupportedInterfaceOrientations_iPhone = "UIInterfaceOrientationPortrait UIInterfaceOrientationLandscapeLeft UIInterfaceOrientationLandscapeRight";
				LD_RUNPATH_SEARCH_PATHS = (
					"$(inherited)",
					"@executable_path/Frameworks",
				);
				MARKETING_VERSION = 1.0;
				PRODUCT_BUNDLE_IDENTIFIER = com.kaspychala.DeepLinkingPoC;
				PRODUCT_NAME = "$(TARGET_NAME)";
				SWIFT_EMIT_LOC_STRINGS = YES;
				SWIFT_VERSION = 5.0;
				TARGETED_DEVICE_FAMILY = "1,2";
			};
			name = Debug;
		};
		0EBF807D2A83F18000FA7D0E /* Release */ = {
			isa = XCBuildConfiguration;
			buildSettings = {
				ASSETCATALOG_COMPILER_APPICON_NAME = AppIcon;
				ASSETCATALOG_COMPILER_GLOBAL_ACCENT_COLOR_NAME = AccentColor;
				CODE_SIGN_STYLE = Automatic;
				CURRENT_PROJECT_VERSION = 1;
				DEVELOPMENT_TEAM = F6N6BU583P;
				GENERATE_INFOPLIST_FILE = YES;
				INFOPLIST_FILE = DeepLinkingPoC/Info.plist;
				INFOPLIST_KEY_UIApplicationSupportsIndirectInputEvents = YES;
				INFOPLIST_KEY_UILaunchStoryboardName = LaunchScreen;
				INFOPLIST_KEY_UIMainStoryboardFile = Main;
				INFOPLIST_KEY_UISupportedInterfaceOrientations_iPad = "UIInterfaceOrientationPortrait UIInterfaceOrientationPortraitUpsideDown UIInterfaceOrientationLandscapeLeft UIInterfaceOrientationLandscapeRight";
				INFOPLIST_KEY_UISupportedInterfaceOrientations_iPhone = "UIInterfaceOrientationPortrait UIInterfaceOrientationLandscapeLeft UIInterfaceOrientationLandscapeRight";
				LD_RUNPATH_SEARCH_PATHS = (
					"$(inherited)",
					"@executable_path/Frameworks",
				);
				MARKETING_VERSION = 1.0;
				PRODUCT_BUNDLE_IDENTIFIER = com.kaspychala.DeepLinkingPoC;
				PRODUCT_NAME = "$(TARGET_NAME)";
				SWIFT_EMIT_LOC_STRINGS = YES;
				SWIFT_VERSION = 5.0;
				TARGETED_DEVICE_FAMILY = "1,2";
			};
			name = Release;
		};
		0EBF807F2A83F18000FA7D0E /* Debug */ = {
			isa = XCBuildConfiguration;
			buildSettings = {
				ALWAYS_EMBED_SWIFT_STANDARD_LIBRARIES = YES;
				BUNDLE_LOADER = "$(TEST_HOST)";
				CODE_SIGN_STYLE = Automatic;
				CURRENT_PROJECT_VERSION = 1;
				DEVELOPMENT_TEAM = F6N6BU583P;
				GENERATE_INFOPLIST_FILE = YES;
				IPHONEOS_DEPLOYMENT_TARGET = 16.4;
				MARKETING_VERSION = 1.0;
				PRODUCT_BUNDLE_IDENTIFIER = com.kaspychala.DeepLinkingPoCTests;
				PRODUCT_NAME = "$(TARGET_NAME)";
				SWIFT_EMIT_LOC_STRINGS = NO;
				SWIFT_VERSION = 5.0;
				TARGETED_DEVICE_FAMILY = "1,2";
				TEST_HOST = "$(BUILT_PRODUCTS_DIR)/DeepLinkingPoC.app/$(BUNDLE_EXECUTABLE_FOLDER_PATH)/DeepLinkingPoC";
			};
			name = Debug;
		};
		0EBF80802A83F18000FA7D0E /* Release */ = {
			isa = XCBuildConfiguration;
			buildSettings = {
				ALWAYS_EMBED_SWIFT_STANDARD_LIBRARIES = YES;
				BUNDLE_LOADER = "$(TEST_HOST)";
				CODE_SIGN_STYLE = Automatic;
				CURRENT_PROJECT_VERSION = 1;
				DEVELOPMENT_TEAM = F6N6BU583P;
				GENERATE_INFOPLIST_FILE = YES;
				IPHONEOS_DEPLOYMENT_TARGET = 16.4;
				MARKETING_VERSION = 1.0;
				PRODUCT_BUNDLE_IDENTIFIER = com.kaspychala.DeepLinkingPoCTests;
				PRODUCT_NAME = "$(TARGET_NAME)";
				SWIFT_EMIT_LOC_STRINGS = NO;
				SWIFT_VERSION = 5.0;
				TARGETED_DEVICE_FAMILY = "1,2";
				TEST_HOST = "$(BUILT_PRODUCTS_DIR)/DeepLinkingPoC.app/$(BUNDLE_EXECUTABLE_FOLDER_PATH)/DeepLinkingPoC";
			};
			name = Release;
		};
		0EBF80822A83F18000FA7D0E /* Debug */ = {
			isa = XCBuildConfiguration;
			buildSettings = {
				ALWAYS_EMBED_SWIFT_STANDARD_LIBRARIES = YES;
				CODE_SIGN_STYLE = Automatic;
				CURRENT_PROJECT_VERSION = 1;
				DEVELOPMENT_TEAM = F6N6BU583P;
				GENERATE_INFOPLIST_FILE = YES;
				MARKETING_VERSION = 1.0;
				PRODUCT_BUNDLE_IDENTIFIER = com.kaspychala.DeepLinkingPoCUITests;
				PRODUCT_NAME = "$(TARGET_NAME)";
				SWIFT_EMIT_LOC_STRINGS = NO;
				SWIFT_VERSION = 5.0;
				TARGETED_DEVICE_FAMILY = "1,2";
				TEST_TARGET_NAME = DeepLinkingPoC;
			};
			name = Debug;
		};
		0EBF80832A83F18000FA7D0E /* Release */ = {
			isa = XCBuildConfiguration;
			buildSettings = {
				ALWAYS_EMBED_SWIFT_STANDARD_LIBRARIES = YES;
				CODE_SIGN_STYLE = Automatic;
				CURRENT_PROJECT_VERSION = 1;
				DEVELOPMENT_TEAM = F6N6BU583P;
				GENERATE_INFOPLIST_FILE = YES;
				MARKETING_VERSION = 1.0;
				PRODUCT_BUNDLE_IDENTIFIER = com.kaspychala.DeepLinkingPoCUITests;
				PRODUCT_NAME = "$(TARGET_NAME)";
				SWIFT_EMIT_LOC_STRINGS = NO;
				SWIFT_VERSION = 5.0;
				TARGETED_DEVICE_FAMILY = "1,2";
				TEST_TARGET_NAME = DeepLinkingPoC;
			};
			name = Release;
		};
/* End XCBuildConfiguration section */

/* Begin XCConfigurationList section */
		0EBF804C2A83F17E00FA7D0E /* Build configuration list for PBXProject "DeepLinkingPoC" */ = {
			isa = XCConfigurationList;
			buildConfigurations = (
				0EBF80792A83F18000FA7D0E /* Debug */,
				0EBF807A2A83F18000FA7D0E /* Release */,
			);
			defaultConfigurationIsVisible = 0;
			defaultConfigurationName = Release;
		};
		0EBF807B2A83F18000FA7D0E /* Build configuration list for PBXNativeTarget "DeepLinkingPoC" */ = {
			isa = XCConfigurationList;
			buildConfigurations = (
				0EBF807C2A83F18000FA7D0E /* Debug */,
				0EBF807D2A83F18000FA7D0E /* Release */,
			);
			defaultConfigurationIsVisible = 0;
			defaultConfigurationName = Release;
		};
		0EBF807E2A83F18000FA7D0E /* Build configuration list for PBXNativeTarget "DeepLinkingPoCTests" */ = {
			isa = XCConfigurationList;
			buildConfigurations = (
				0EBF807F2A83F18000FA7D0E /* Debug */,
				0EBF80802A83F18000FA7D0E /* Release */,
			);
			defaultConfigurationIsVisible = 0;
			defaultConfigurationName = Release;
		};
		0EBF80812A83F18000FA7D0E /* Build configuration list for PBXNativeTarget "DeepLinkingPoCUITests" */ = {
			isa = XCConfigurationList;
			buildConfigurations = (
				0EBF80822A83F18000FA7D0E /* Debug */,
				0EBF80832A83F18000FA7D0E /* Release */,
			);
			defaultConfigurationIsVisible = 0;
			defaultConfigurationName = Release;
		};
/* End XCConfigurationList section */

/* Begin XCSwiftPackageProductDependency section */
		0EBF80872A83F1BF00FA7D0E /* DeepLinkingAppDelegate */ = {
			isa = XCSwiftPackageProductDependency;
			productName = DeepLinkingAppDelegate;
		};
/* End XCSwiftPackageProductDependency section */
	};
	rootObject = 0EBF80492A83F17E00FA7D0E /* Project object */;
}
